// !$*UTF8*$!
{
	archiveVersion = 1;
	classes = {
	};
	objectVersion = 46;
	objects = {

/* Begin PBXBuildFile section */
		6F6277641CB1647000CEC9D1 /* CreateAcctRootViewController.swift in Sources */ = {isa = PBXBuildFile; fileRef = 6F6277631CB1647000CEC9D1 /* CreateAcctRootViewController.swift */; };
		6F6277661CB1678500CEC9D1 /* SignInRootViewController.swift in Sources */ = {isa = PBXBuildFile; fileRef = 6F6277651CB1678500CEC9D1 /* SignInRootViewController.swift */; };
		6F6277681CB16AFD00CEC9D1 /* CreateAcctViewController.swift in Sources */ = {isa = PBXBuildFile; fileRef = 6F6277671CB16AFD00CEC9D1 /* CreateAcctViewController.swift */; };
		6F62776A1CB16EB200CEC9D1 /* SignInViewController.swift in Sources */ = {isa = PBXBuildFile; fileRef = 6F6277691CB16EB200CEC9D1 /* SignInViewController.swift */; };
		6F62776C1CB1710C00CEC9D1 /* SignInFilledViewController.swift in Sources */ = {isa = PBXBuildFile; fileRef = 6F62776B1CB1710C00CEC9D1 /* SignInFilledViewController.swift */; };
		6F62776E1CB1808F00CEC9D1 /* NewSettingsViewController.swift in Sources */ = {isa = PBXBuildFile; fileRef = 6F62776D1CB1808F00CEC9D1 /* NewSettingsViewController.swift */; };
		6F6277721CB188C600CEC9D1 /* ExistPhotosViewController.swift in Sources */ = {isa = PBXBuildFile; fileRef = 6F6277711CB188C600CEC9D1 /* ExistPhotosViewController.swift */; };
		6F6277741CB18D3C00CEC9D1 /* ExistSettingsViewController.swift in Sources */ = {isa = PBXBuildFile; fileRef = 6F6277731CB18D3C00CEC9D1 /* ExistSettingsViewController.swift */; };
		6F73806A1CADFE4D007CB715 /* AppDelegate.swift in Sources */ = {isa = PBXBuildFile; fileRef = 6F7380691CADFE4D007CB715 /* AppDelegate.swift */; };
		6F73806C1CADFE4D007CB715 /* ViewController.swift in Sources */ = {isa = PBXBuildFile; fileRef = 6F73806B1CADFE4D007CB715 /* ViewController.swift */; };
		6F73806F1CADFE4D007CB715 /* Main.storyboard in Resources */ = {isa = PBXBuildFile; fileRef = 6F73806D1CADFE4D007CB715 /* Main.storyboard */; };
		6F7380711CADFE4D007CB715 /* Assets.xcassets in Resources */ = {isa = PBXBuildFile; fileRef = 6F7380701CADFE4D007CB715 /* Assets.xcassets */; };
		6F7380741CADFE4D007CB715 /* LaunchScreen.storyboard in Resources */ = {isa = PBXBuildFile; fileRef = 6F7380721CADFE4D007CB715 /* LaunchScreen.storyboard */; };
		6F73807F1CADFE4D007CB715 /* Dropbox4RealTests.swift in Sources */ = {isa = PBXBuildFile; fileRef = 6F73807E1CADFE4D007CB715 /* Dropbox4RealTests.swift */; };
		6F73808A1CADFE4D007CB715 /* Dropbox4RealUITests.swift in Sources */ = {isa = PBXBuildFile; fileRef = 6F7380891CADFE4D007CB715 /* Dropbox4RealUITests.swift */; };
/* End PBXBuildFile section */

/* Begin PBXContainerItemProxy section */
		6F73807B1CADFE4D007CB715 /* PBXContainerItemProxy */ = {
			isa = PBXContainerItemProxy;
			containerPortal = 6F73805E1CADFE4D007CB715 /* Project object */;
			proxyType = 1;
			remoteGlobalIDString = 6F7380651CADFE4D007CB715;
			remoteInfo = Dropbox4Real;
		};
		6F7380861CADFE4D007CB715 /* PBXContainerItemProxy */ = {
			isa = PBXContainerItemProxy;
			containerPortal = 6F73805E1CADFE4D007CB715 /* Project object */;
			proxyType = 1;
			remoteGlobalIDString = 6F7380651CADFE4D007CB715;
			remoteInfo = Dropbox4Real;
		};
/* End PBXContainerItemProxy section */

/* Begin PBXFileReference section */
		6F6277631CB1647000CEC9D1 /* CreateAcctRootViewController.swift */ = {isa = PBXFileReference; fileEncoding = 4; lastKnownFileType = sourcecode.swift; path = CreateAcctRootViewController.swift; sourceTree = "<group>"; };
		6F6277651CB1678500CEC9D1 /* SignInRootViewController.swift */ = {isa = PBXFileReference; fileEncoding = 4; lastKnownFileType = sourcecode.swift; path = SignInRootViewController.swift; sourceTree = "<group>"; };
		6F6277671CB16AFD00CEC9D1 /* CreateAcctViewController.swift */ = {isa = PBXFileReference; fileEncoding = 4; lastKnownFileType = sourcecode.swift; path = CreateAcctViewController.swift; sourceTree = "<group>"; };
		6F6277691CB16EB200CEC9D1 /* SignInViewController.swift */ = {isa = PBXFileReference; fileEncoding = 4; lastKnownFileType = sourcecode.swift; path = SignInViewController.swift; sourceTree = "<group>"; };
		6F62776B1CB1710C00CEC9D1 /* SignInFilledViewController.swift */ = {isa = PBXFileReference; fileEncoding = 4; lastKnownFileType = sourcecode.swift; path = SignInFilledViewController.swift; sourceTree = "<group>"; };
		6F62776D1CB1808F00CEC9D1 /* NewSettingsViewController.swift */ = {isa = PBXFileReference; fileEncoding = 4; lastKnownFileType = sourcecode.swift; path = NewSettingsViewController.swift; sourceTree = "<group>"; };
		6F6277711CB188C600CEC9D1 /* ExistPhotosViewController.swift */ = {isa = PBXFileReference; fileEncoding = 4; lastKnownFileType = sourcecode.swift; path = ExistPhotosViewController.swift; sourceTree = "<group>"; };
		6F6277731CB18D3C00CEC9D1 /* ExistSettingsViewController.swift */ = {isa = PBXFileReference; fileEncoding = 4; lastKnownFileType = sourcecode.swift; path = ExistSettingsViewController.swift; sourceTree = "<group>"; };
		6F7380661CADFE4D007CB715 /* Dropbox4Real.app */ = {isa = PBXFileReference; explicitFileType = wrapper.application; includeInIndex = 0; path = Dropbox4Real.app; sourceTree = BUILT_PRODUCTS_DIR; };
		6F7380691CADFE4D007CB715 /* AppDelegate.swift */ = {isa = PBXFileReference; lastKnownFileType = sourcecode.swift; path = AppDelegate.swift; sourceTree = "<group>"; };
		6F73806B1CADFE4D007CB715 /* ViewController.swift */ = {isa = PBXFileReference; lastKnownFileType = sourcecode.swift; path = ViewController.swift; sourceTree = "<group>"; };
		6F73806E1CADFE4D007CB715 /* Base */ = {isa = PBXFileReference; lastKnownFileType = file.storyboard; name = Base; path = Base.lproj/Main.storyboard; sourceTree = "<group>"; };
		6F7380701CADFE4D007CB715 /* Assets.xcassets */ = {isa = PBXFileReference; lastKnownFileType = folder.assetcatalog; path = Assets.xcassets; sourceTree = "<group>"; };
		6F7380731CADFE4D007CB715 /* Base */ = {isa = PBXFileReference; lastKnownFileType = file.storyboard; name = Base; path = Base.lproj/LaunchScreen.storyboard; sourceTree = "<group>"; };
		6F7380751CADFE4D007CB715 /* Info.plist */ = {isa = PBXFileReference; lastKnownFileType = text.plist.xml; path = Info.plist; sourceTree = "<group>"; };
		6F73807A1CADFE4D007CB715 /* Dropbox4RealTests.xctest */ = {isa = PBXFileReference; explicitFileType = wrapper.cfbundle; includeInIndex = 0; path = Dropbox4RealTests.xctest; sourceTree = BUILT_PRODUCTS_DIR; };
		6F73807E1CADFE4D007CB715 /* Dropbox4RealTests.swift */ = {isa = PBXFileReference; lastKnownFileType = sourcecode.swift; path = Dropbox4RealTests.swift; sourceTree = "<group>"; };
		6F7380801CADFE4D007CB715 /* Info.plist */ = {isa = PBXFileReference; lastKnownFileType = text.plist.xml; path = Info.plist; sourceTree = "<group>"; };
		6F7380851CADFE4D007CB715 /* Dropbox4RealUITests.xctest */ = {isa = PBXFileReference; explicitFileType = wrapper.cfbundle; includeInIndex = 0; path = Dropbox4RealUITests.xctest; sourceTree = BUILT_PRODUCTS_DIR; };
		6F7380891CADFE4D007CB715 /* Dropbox4RealUITests.swift */ = {isa = PBXFileReference; lastKnownFileType = sourcecode.swift; path = Dropbox4RealUITests.swift; sourceTree = "<group>"; };
		6F73808B1CADFE4D007CB715 /* Info.plist */ = {isa = PBXFileReference; lastKnownFileType = text.plist.xml; path = Info.plist; sourceTree = "<group>"; };
/* End PBXFileReference section */

/* Begin PBXFrameworksBuildPhase section */
		6F7380631CADFE4D007CB715 /* Frameworks */ = {
			isa = PBXFrameworksBuildPhase;
			buildActionMask = 2147483647;
			files = (
			);
			runOnlyForDeploymentPostprocessing = 0;
		};
		6F7380771CADFE4D007CB715 /* Frameworks */ = {
			isa = PBXFrameworksBuildPhase;
			buildActionMask = 2147483647;
			files = (
			);
			runOnlyForDeploymentPostprocessing = 0;
		};
		6F7380821CADFE4D007CB715 /* Frameworks */ = {
			isa = PBXFrameworksBuildPhase;
			buildActionMask = 2147483647;
			files = (
			);
			runOnlyForDeploymentPostprocessing = 0;
		};
/* End PBXFrameworksBuildPhase section */

/* Begin PBXGroup section */
		6F73805D1CADFE4D007CB715 = {
			isa = PBXGroup;
			children = (
				6F7380681CADFE4D007CB715 /* Dropbox4Real */,
				6F73807D1CADFE4D007CB715 /* Dropbox4RealTests */,
				6F7380881CADFE4D007CB715 /* Dropbox4RealUITests */,
				6F7380671CADFE4D007CB715 /* Products */,
			);
			sourceTree = "<group>";
		};
		6F7380671CADFE4D007CB715 /* Products */ = {
			isa = PBXGroup;
			children = (
				6F7380661CADFE4D007CB715 /* Dropbox4Real.app */,
				6F73807A1CADFE4D007CB715 /* Dropbox4RealTests.xctest */,
				6F7380851CADFE4D007CB715 /* Dropbox4RealUITests.xctest */,
			);
			name = Products;
			sourceTree = "<group>";
		};
		6F7380681CADFE4D007CB715 /* Dropbox4Real */ = {
			isa = PBXGroup;
			children = (
				6F7380691CADFE4D007CB715 /* AppDelegate.swift */,
				6F73806B1CADFE4D007CB715 /* ViewController.swift */,
				6F73806D1CADFE4D007CB715 /* Main.storyboard */,
				6F6277731CB18D3C00CEC9D1 /* ExistSettingsViewController.swift */,
				6F6277711CB188C600CEC9D1 /* ExistPhotosViewController.swift */,
				6F62776D1CB1808F00CEC9D1 /* NewSettingsViewController.swift */,
				6F62776B1CB1710C00CEC9D1 /* SignInFilledViewController.swift */,
				6F6277691CB16EB200CEC9D1 /* SignInViewController.swift */,
				6F6277671CB16AFD00CEC9D1 /* CreateAcctViewController.swift */,
				6F6277651CB1678500CEC9D1 /* SignInRootViewController.swift */,
				6F6277631CB1647000CEC9D1 /* CreateAcctRootViewController.swift */,
				6F7380701CADFE4D007CB715 /* Assets.xcassets */,
				6F7380721CADFE4D007CB715 /* LaunchScreen.storyboard */,
				6F7380751CADFE4D007CB715 /* Info.plist */,
			);
			path = Dropbox4Real;
			sourceTree = "<group>";
		};
		6F73807D1CADFE4D007CB715 /* Dropbox4RealTests */ = {
			isa = PBXGroup;
			children = (
				6F73807E1CADFE4D007CB715 /* Dropbox4RealTests.swift */,
				6F7380801CADFE4D007CB715 /* Info.plist */,
			);
			path = Dropbox4RealTests;
			sourceTree = "<group>";
		};
		6F7380881CADFE4D007CB715 /* Dropbox4RealUITests */ = {
			isa = PBXGroup;
			children = (
				6F7380891CADFE4D007CB715 /* Dropbox4RealUITests.swift */,
				6F73808B1CADFE4D007CB715 /* Info.plist */,
			);
			path = Dropbox4RealUITests;
			sourceTree = "<group>";
		};
/* End PBXGroup section */

/* Begin PBXNativeTarget section */
		6F7380651CADFE4D007CB715 /* Dropbox4Real */ = {
			isa = PBXNativeTarget;
			buildConfigurationList = 6F73808E1CADFE4D007CB715 /* Build configuration list for PBXNativeTarget "Dropbox4Real" */;
			buildPhases = (
				6F7380621CADFE4D007CB715 /* Sources */,
				6F7380631CADFE4D007CB715 /* Frameworks */,
				6F7380641CADFE4D007CB715 /* Resources */,
			);
			buildRules = (
			);
			dependencies = (
			);
			name = Dropbox4Real;
			productName = Dropbox4Real;
			productReference = 6F7380661CADFE4D007CB715 /* Dropbox4Real.app */;
			productType = "com.apple.product-type.application";
		};
		6F7380791CADFE4D007CB715 /* Dropbox4RealTests */ = {
			isa = PBXNativeTarget;
			buildConfigurationList = 6F7380911CADFE4D007CB715 /* Build configuration list for PBXNativeTarget "Dropbox4RealTests" */;
			buildPhases = (
				6F7380761CADFE4D007CB715 /* Sources */,
				6F7380771CADFE4D007CB715 /* Frameworks */,
				6F7380781CADFE4D007CB715 /* Resources */,
			);
			buildRules = (
			);
			dependencies = (
				6F73807C1CADFE4D007CB715 /* PBXTargetDependency */,
			);
			name = Dropbox4RealTests;
			productName = Dropbox4RealTests;
			productReference = 6F73807A1CADFE4D007CB715 /* Dropbox4RealTests.xctest */;
			productType = "com.apple.product-type.bundle.unit-test";
		};
		6F7380841CADFE4D007CB715 /* Dropbox4RealUITests */ = {
			isa = PBXNativeTarget;
			buildConfigurationList = 6F7380941CADFE4D007CB715 /* Build configuration list for PBXNativeTarget "Dropbox4RealUITests" */;
			buildPhases = (
				6F7380811CADFE4D007CB715 /* Sources */,
				6F7380821CADFE4D007CB715 /* Frameworks */,
				6F7380831CADFE4D007CB715 /* Resources */,
			);
			buildRules = (
			);
			dependencies = (
				6F7380871CADFE4D007CB715 /* PBXTargetDependency */,
			);
			name = Dropbox4RealUITests;
			productName = Dropbox4RealUITests;
			productReference = 6F7380851CADFE4D007CB715 /* Dropbox4RealUITests.xctest */;
			productType = "com.apple.product-type.bundle.ui-testing";
		};
/* End PBXNativeTarget section */

/* Begin PBXProject section */
		6F73805E1CADFE4D007CB715 /* Project object */ = {
			isa = PBXProject;
			attributes = {
				LastSwiftUpdateCheck = 0730;
				LastUpgradeCheck = 0730;
				ORGANIZATIONNAME = "Bryant, Jason";
				TargetAttributes = {
					6F7380651CADFE4D007CB715 = {
						CreatedOnToolsVersion = 7.3;
					};
					6F7380791CADFE4D007CB715 = {
						CreatedOnToolsVersion = 7.3;
						TestTargetID = 6F7380651CADFE4D007CB715;
					};
					6F7380841CADFE4D007CB715 = {
						CreatedOnToolsVersion = 7.3;
						TestTargetID = 6F7380651CADFE4D007CB715;
					};
				};
			};
			buildConfigurationList = 6F7380611CADFE4D007CB715 /* Build configuration list for PBXProject "Dropbox4Real" */;
			compatibilityVersion = "Xcode 3.2";
			developmentRegion = English;
			hasScannedForEncodings = 0;
			knownRegions = (
				en,
				Base,
			);
			mainGroup = 6F73805D1CADFE4D007CB715;
			productRefGroup = 6F7380671CADFE4D007CB715 /* Products */;
			projectDirPath = "";
			projectRoot = "";
			targets = (
				6F7380651CADFE4D007CB715 /* Dropbox4Real */,
				6F7380791CADFE4D007CB715 /* Dropbox4RealTests */,
				6F7380841CADFE4D007CB715 /* Dropbox4RealUITests */,
			);
		};
/* End PBXProject section */

/* Begin PBXResourcesBuildPhase section */
		6F7380641CADFE4D007CB715 /* Resources */ = {
			isa = PBXResourcesBuildPhase;
			buildActionMask = 2147483647;
			files = (
				6F7380741CADFE4D007CB715 /* LaunchScreen.storyboard in Resources */,
				6F7380711CADFE4D007CB715 /* Assets.xcassets in Resources */,
				6F73806F1CADFE4D007CB715 /* Main.storyboard in Resources */,
			);
			runOnlyForDeploymentPostprocessing = 0;
		};
		6F7380781CADFE4D007CB715 /* Resources */ = {
			isa = PBXResourcesBuildPhase;
			buildActionMask = 2147483647;
			files = (
			);
			runOnlyForDeploymentPostprocessing = 0;
		};
		6F7380831CADFE4D007CB715 /* Resources */ = {
			isa = PBXResourcesBuildPhase;
			buildActionMask = 2147483647;
			files = (
			);
			runOnlyForDeploymentPostprocessing = 0;
		};
/* End PBXResourcesBuildPhase section */

/* Begin PBXSourcesBuildPhase section */
		6F7380621CADFE4D007CB715 /* Sources */ = {
			isa = PBXSourcesBuildPhase;
			buildActionMask = 2147483647;
			files = (
				6F6277661CB1678500CEC9D1 /* SignInRootViewController.swift in Sources */,
				6F6277741CB18D3C00CEC9D1 /* ExistSettingsViewController.swift in Sources */,
				6F62776C1CB1710C00CEC9D1 /* SignInFilledViewController.swift in Sources */,
				6F6277721CB188C600CEC9D1 /* ExistPhotosViewController.swift in Sources */,
				6F73806C1CADFE4D007CB715 /* ViewController.swift in Sources */,
				6F62776A1CB16EB200CEC9D1 /* SignInViewController.swift in Sources */,
				6F62776E1CB1808F00CEC9D1 /* NewSettingsViewController.swift in Sources */,
				6F6277641CB1647000CEC9D1 /* CreateAcctRootViewController.swift in Sources */,
				6F73806A1CADFE4D007CB715 /* AppDelegate.swift in Sources */,
				6F6277681CB16AFD00CEC9D1 /* CreateAcctViewController.swift in Sources */,
			);
			runOnlyForDeploymentPostprocessing = 0;
		};
		6F7380761CADFE4D007CB715 /* Sources */ = {
			isa = PBXSourcesBuildPhase;
			buildActionMask = 2147483647;
			files = (
				6F73807F1CADFE4D007CB715 /* Dropbox4RealTests.swift in Sources */,
			);
			runOnlyForDeploymentPostprocessing = 0;
		};
		6F7380811CADFE4D007CB715 /* Sources */ = {
			isa = PBXSourcesBuildPhase;
			buildActionMask = 2147483647;
			files = (
				6F73808A1CADFE4D007CB715 /* Dropbox4RealUITests.swift in Sources */,
			);
			runOnlyForDeploymentPostprocessing = 0;
		};
/* End PBXSourcesBuildPhase section */

/* Begin PBXTargetDependency section */
		6F73807C1CADFE4D007CB715 /* PBXTargetDependency */ = {
			isa = PBXTargetDependency;
			target = 6F7380651CADFE4D007CB715 /* Dropbox4Real */;
			targetProxy = 6F73807B1CADFE4D007CB715 /* PBXContainerItemProxy */;
		};
		6F7380871CADFE4D007CB715 /* PBXTargetDependency */ = {
			isa = PBXTargetDependency;
			target = 6F7380651CADFE4D007CB715 /* Dropbox4Real */;
			targetProxy = 6F7380861CADFE4D007CB715 /* PBXContainerItemProxy */;
		};
/* End PBXTargetDependency section */

/* Begin PBXVariantGroup section */
		6F73806D1CADFE4D007CB715 /* Main.storyboard */ = {
			isa = PBXVariantGroup;
			children = (
				6F73806E1CADFE4D007CB715 /* Base */,
			);
			name = Main.storyboard;
			sourceTree = "<group>";
		};
		6F7380721CADFE4D007CB715 /* LaunchScreen.storyboard */ = {
			isa = PBXVariantGroup;
			children = (
				6F7380731CADFE4D007CB715 /* Base */,
			);
			name = LaunchScreen.storyboard;
			sourceTree = "<group>";
		};
/* End PBXVariantGroup section */

/* Begin XCBuildConfiguration section */
		6F73808C1CADFE4D007CB715 /* Debug */ = {
			isa = XCBuildConfiguration;
			buildSettings = {
				ALWAYS_SEARCH_USER_PATHS = NO;
				CLANG_ANALYZER_NONNULL = YES;
				CLANG_CXX_LANGUAGE_STANDARD = "gnu++0x";
				CLANG_CXX_LIBRARY = "libc++";
				CLANG_ENABLE_MODULES = YES;
				CLANG_ENABLE_OBJC_ARC = YES;
				CLANG_WARN_BOOL_CONVERSION = YES;
				CLANG_WARN_CONSTANT_CONVERSION = YES;
				CLANG_WARN_DIRECT_OBJC_ISA_USAGE = YES_ERROR;
				CLANG_WARN_EMPTY_BODY = YES;
				CLANG_WARN_ENUM_CONVERSION = YES;
				CLANG_WARN_INT_CONVERSION = YES;
				CLANG_WARN_OBJC_ROOT_CLASS = YES_ERROR;
				CLANG_WARN_UNREACHABLE_CODE = YES;
				CLANG_WARN__DUPLICATE_METHOD_MATCH = YES;
				"CODE_SIGN_IDENTITY[sdk=iphoneos*]" = "iPhone Developer";
				COPY_PHASE_STRIP = NO;
				DEBUG_INFORMATION_FORMAT = dwarf;
				ENABLE_STRICT_OBJC_MSGSEND = YES;
				ENABLE_TESTABILITY = YES;
				GCC_C_LANGUAGE_STANDARD = gnu99;
				GCC_DYNAMIC_NO_PIC = NO;
				GCC_NO_COMMON_BLOCKS = YES;
				GCC_OPTIMIZATION_LEVEL = 0;
				GCC_PREPROCESSOR_DEFINITIONS = (
					"DEBUG=1",
					"$(inherited)",
				);
				GCC_WARN_64_TO_32_BIT_CONVERSION = YES;
				GCC_WARN_ABOUT_RETURN_TYPE = YES_ERROR;
				GCC_WARN_UNDECLARED_SELECTOR = YES;
				GCC_WARN_UNINITIALIZED_AUTOS = YES_AGGRESSIVE;
				GCC_WARN_UNUSED_FUNCTION = YES;
				GCC_WARN_UNUSED_VARIABLE = YES;
				IPHONEOS_DEPLOYMENT_TARGET = 9.3;
				MTL_ENABLE_DEBUG_INFO = YES;
				ONLY_ACTIVE_ARCH = YES;
				SDKROOT = iphoneos;
				SWIFT_OPTIMIZATION_LEVEL = "-Onone";
			};
			name = Debug;
		};
		6F73808D1CADFE4D007CB715 /* Release */ = {
			isa = XCBuildConfiguration;
			buildSettings = {
				ALWAYS_SEARCH_USER_PATHS = NO;
				CLANG_ANALYZER_NONNULL = YES;
				CLANG_CXX_LANGUAGE_STANDARD = "gnu++0x";
				CLANG_CXX_LIBRARY = "libc++";
				CLANG_ENABLE_MODULES = YES;
				CLANG_ENABLE_OBJC_ARC = YES;
				CLANG_WARN_BOOL_CONVERSION = YES;
				CLANG_WARN_CONSTANT_CONVERSION = YES;
				CLANG_WARN_DIRECT_OBJC_ISA_USAGE = YES_ERROR;
				CLANG_WARN_EMPTY_BODY = YES;
				CLANG_WARN_ENUM_CONVERSION = YES;
				CLANG_WARN_INT_CONVERSION = YES;
				CLANG_WARN_OBJC_ROOT_CLASS = YES_ERROR;
				CLANG_WARN_UNREACHABLE_CODE = YES;
				CLANG_WARN__DUPLICATE_METHOD_MATCH = YES;
				"CODE_SIGN_IDENTITY[sdk=iphoneos*]" = "iPhone Developer";
				COPY_PHASE_STRIP = NO;
				DEBUG_INFORMATION_FORMAT = "dwarf-with-dsym";
				ENABLE_NS_ASSERTIONS = NO;
				ENABLE_STRICT_OBJC_MSGSEND = YES;
				GCC_C_LANGUAGE_STANDARD = gnu99;
				GCC_NO_COMMON_BLOCKS = YES;
				GCC_WARN_64_TO_32_BIT_CONVERSION = YES;
				GCC_WARN_ABOUT_RETURN_TYPE = YES_ERROR;
				GCC_WARN_UNDECLARED_SELECTOR = YES;
				GCC_WARN_UNINITIALIZED_AUTOS = YES_AGGRESSIVE;
				GCC_WARN_UNUSED_FUNCTION = YES;
				GCC_WARN_UNUSED_VARIABLE = YES;
				IPHONEOS_DEPLOYMENT_TARGET = 9.3;
				MTL_ENABLE_DEBUG_INFO = NO;
				SDKROOT = iphoneos;
				VALIDATE_PRODUCT = YES;
			};
			name = Release;
		};
		6F73808F1CADFE4D007CB715 /* Debug */ = {
			isa = XCBuildConfiguration;
			buildSettings = {
				ASSETCATALOG_COMPILER_APPICON_NAME = AppIcon;
				INFOPLIST_FILE = Dropbox4Real/Info.plist;
				LD_RUNPATH_SEARCH_PATHS = "$(inherited) @executable_path/Frameworks";
				PRODUCT_BUNDLE_IDENTIFIER = CapOne.Dropbox4Real;
				PRODUCT_NAME = "$(TARGET_NAME)";
			};
			name = Debug;
		};
		6F7380901CADFE4D007CB715 /* Release */ = {
			isa = XCBuildConfiguration;
			buildSettings = {
				ASSETCATALOG_COMPILER_APPICON_NAME = AppIcon;
				INFOPLIST_FILE = Dropbox4Real/Info.plist;
				LD_RUNPATH_SEARCH_PATHS = "$(inherited) @executable_path/Frameworks";
				PRODUCT_BUNDLE_IDENTIFIER = CapOne.Dropbox4Real;
				PRODUCT_NAME = "$(TARGET_NAME)";
			};
			name = Release;
		};
		6F7380921CADFE4D007CB715 /* Debug */ = {
			isa = XCBuildConfiguration;
			buildSettings = {
				BUNDLE_LOADER = "$(TEST_HOST)";
				INFOPLIST_FILE = Dropbox4RealTests/Info.plist;
				LD_RUNPATH_SEARCH_PATHS = "$(inherited) @executable_path/Frameworks @loader_path/Frameworks";
				PRODUCT_BUNDLE_IDENTIFIER = CapOne.Dropbox4RealTests;
				PRODUCT_NAME = "$(TARGET_NAME)";
				TEST_HOST = "$(BUILT_PRODUCTS_DIR)/Dropbox4Real.app/Dropbox4Real";
			};
			name = Debug;
		};
		6F7380931CADFE4D007CB715 /* Release */ = {
			isa = XCBuildConfiguration;
			buildSettings = {
				BUNDLE_LOADER = "$(TEST_HOST)";
				INFOPLIST_FILE = Dropbox4RealTests/Info.plist;
				LD_RUNPATH_SEARCH_PATHS = "$(inherited) @executable_path/Frameworks @loader_path/Frameworks";
				PRODUCT_BUNDLE_IDENTIFIER = CapOne.Dropbox4RealTests;
				PRODUCT_NAME = "$(TARGET_NAME)";
				TEST_HOST = "$(BUILT_PRODUCTS_DIR)/Dropbox4Real.app/Dropbox4Real";
			};
			name = Release;
		};
		6F7380951CADFE4D007CB715 /* Debug */ = {
			isa = XCBuildConfiguration;
			buildSettings = {
				INFOPLIST_FILE = Dropbox4RealUITests/Info.plist;
				LD_RUNPATH_SEARCH_PATHS = "$(inherited) @executable_path/Frameworks @loader_path/Frameworks";
				PRODUCT_BUNDLE_IDENTIFIER = CapOne.Dropbox4RealUITests;
				PRODUCT_NAME = "$(TARGET_NAME)";
				TEST_TARGET_NAME = Dropbox4Real;
			};
			name = Debug;
		};
		6F7380961CADFE4D007CB715 /* Release */ = {
			isa = XCBuildConfiguration;
			buildSettings = {
				INFOPLIST_FILE = Dropbox4RealUITests/Info.plist;
				LD_RUNPATH_SEARCH_PATHS = "$(inherited) @executable_path/Frameworks @loader_path/Frameworks";
				PRODUCT_BUNDLE_IDENTIFIER = CapOne.Dropbox4RealUITests;
				PRODUCT_NAME = "$(TARGET_NAME)";
				TEST_TARGET_NAME = Dropbox4Real;
			};
			name = Release;
		};
/* End XCBuildConfiguration section */

/* Begin XCConfigurationList section */
		6F7380611CADFE4D007CB715 /* Build configuration list for PBXProject "Dropbox4Real" */ = {
			isa = XCConfigurationList;
			buildConfigurations = (
				6F73808C1CADFE4D007CB715 /* Debug */,
				6F73808D1CADFE4D007CB715 /* Release */,
			);
			defaultConfigurationIsVisible = 0;
			defaultConfigurationName = Release;
		};
		6F73808E1CADFE4D007CB715 /* Build configuration list for PBXNativeTarget "Dropbox4Real" */ = {
			isa = XCConfigurationList;
			buildConfigurations = (
				6F73808F1CADFE4D007CB715 /* Debug */,
				6F7380901CADFE4D007CB715 /* Release */,
			);
			defaultConfigurationIsVisible = 0;
			defaultConfigurationName = Release;
		};
		6F7380911CADFE4D007CB715 /* Build configuration list for PBXNativeTarget "Dropbox4RealTests" */ = {
			isa = XCConfigurationList;
			buildConfigurations = (
				6F7380921CADFE4D007CB715 /* Debug */,
				6F7380931CADFE4D007CB715 /* Release */,
			);
			defaultConfigurationIsVisible = 0;
			defaultConfigurationName = Release;
		};
		6F7380941CADFE4D007CB715 /* Build configuration list for PBXNativeTarget "Dropbox4RealUITests" */ = {
			isa = XCConfigurationList;
			buildConfigurations = (
				6F7380951CADFE4D007CB715 /* Debug */,
				6F7380961CADFE4D007CB715 /* Release */,
			);
			defaultConfigurationIsVisible = 0;
			defaultConfigurationName = Release;
		};
/* End XCConfigurationList section */
	};
	rootObject = 6F73805E1CADFE4D007CB715 /* Project object */;
}
